
Microsoft Visual Studio Solution File, Format Version 12.00
# Visual Studio Version 17
VisualStudioVersion = 17.4.33110.190
MinimumVisualStudioVersion = 10.0.40219.1
Project("{FAE04EC0-301F-11D3-BF4B-00C04F79EFBC}") = "jogoDaForcaApp", "jogoDaForcaApp\jogoDaForcaApp.csproj", "{18D18ECE-F181-4DE0-AFB1-F785FB1E3561}"
EndProject
Global
	GlobalSection(SolutionConfigurationPlatforms) = preSolution
		Debug|Any CPU = Debug|Any CPU
		Release|Any CPU = Release|Any CPU
	EndGlobalSection
	GlobalSection(ProjectConfigurationPlatforms) = postSolution
		{18D18ECE-F181-4DE0-AFB1-F785FB1E3561}.Debug|Any CPU.ActiveCfg = Debug|Any CPU
		{18D18ECE-F181-4DE0-AFB1-F785FB1E3561}.Debug|Any CPU.Build.0 = Debug|Any CPU
		{18D18ECE-F181-4DE0-AFB1-F785FB1E3561}.Release|Any CPU.ActiveCfg = Release|Any CPU
		{18D18ECE-F181-4DE0-AFB1-F785FB1E3561}.Release|Any CPU.Build.0 = Release|Any CPU
	EndGlobalSection
	GlobalSection(SolutionProperties) = preSolution
		HideSolutionNode = FALSE
	EndGlobalSection
	GlobalSection(ExtensibilityGlobals) = postSolution
		SolutionGuid = {3F0139BC-4DB3-456A-A73A-54C14701A084}
	EndGlobalSection
EndGlobal
